
Microsoft Visual Studio Solution File, Format Version 12.00
# Visual Studio Version 17
VisualStudioVersion = 17.4.33205.214
MinimumVisualStudioVersion = 10.0.40219.1
Project("{FAE04EC0-301F-11D3-BF4B-00C04F79EFBC}") = "VeebYekasov1", "VeebYekasov1.csproj", "{E8AD73CD-E4E2-447F-84B3-6889A48D5394}"
EndProject
Global
	GlobalSection(SolutionConfigurationPlatforms) = preSolution
		Debug|Any CPU = Debug|Any CPU
		Release|Any CPU = Release|Any CPU
	EndGlobalSection
	GlobalSection(ProjectConfigurationPlatforms) = postSolution
		{E8AD73CD-E4E2-447F-84B3-6889A48D5394}.Debug|Any CPU.ActiveCfg = Debug|Any CPU
		{E8AD73CD-E4E2-447F-84B3-6889A48D5394}.Debug|Any CPU.Build.0 = Debug|Any CPU
		{E8AD73CD-E4E2-447F-84B3-6889A48D5394}.Release|Any CPU.ActiveCfg = Release|Any CPU
		{E8AD73CD-E4E2-447F-84B3-6889A48D5394}.Release|Any CPU.Build.0 = Release|Any CPU
	EndGlobalSection
	GlobalSection(SolutionProperties) = preSolution
		HideSolutionNode = FALSE
	EndGlobalSection
	GlobalSection(ExtensibilityGlobals) = postSolution
		SolutionGuid = {1556AD2E-3E67-4612-BE42-C448506A3613}
	EndGlobalSection
EndGlobal
